
Microsoft Visual Studio Solution File, Format Version 12.00
Project("{FAE04EC0-301F-11D3-BF4B-00C04F79EFBC}") = "SeleniumFramework", "SeleniumFramework\SeleniumFramework.csproj", "{B95108DF-A09F-47CE-8DD5-BCD8683EF700}"
EndProject
Project("{2150E333-8FDC-42A3-9474-1A3956D46DE8}") = "Documentation", "Documentation", "{1BE664C2-F2DD-42E4-9D2C-96BE9C0E6C26}"
	ProjectSection(SolutionItems) = preProject
		README.md = README.md
	EndProjectSection
EndProject
Global
	GlobalSection(SolutionConfigurationPlatforms) = preSolution
		Debug|Any CPU = Debug|Any CPU
		Release|Any CPU = Release|Any CPU
	EndGlobalSection
	GlobalSection(ProjectConfigurationPlatforms) = postSolution
		{B95108DF-A09F-47CE-8DD5-BCD8683EF700}.Debug|Any CPU.ActiveCfg = Debug|Any CPU
		{B95108DF-A09F-47CE-8DD5-BCD8683EF700}.Debug|Any CPU.Build.0 = Debug|Any CPU
		{B95108DF-A09F-47CE-8DD5-BCD8683EF700}.Release|Any CPU.ActiveCfg = Release|Any CPU
		{B95108DF-A09F-47CE-8DD5-BCD8683EF700}.Release|Any CPU.Build.0 = Release|Any CPU
	EndGlobalSection
	GlobalSection(NestedProjects) = preSolution
	EndGlobalSection
EndGlobal
